
Microsoft Visual Studio Solution File, Format Version 12.00
# Visual Studio Version 17
VisualStudioVersion = 17.0.31903.59
MinimumVisualStudioVersion = 10.0.40219.1
Project("{FAE04EC0-301F-11D3-BF4B-00C04F79EFBC}") = "ProjectOne", "ProjectOne\ProjectOne.csproj", "{EC2A9656-B370-40B2-85B2-4306C861EF6A}"
EndProject
Global
	GlobalSection(SolutionConfigurationPlatforms) = preSolution
		Debug|Any CPU = Debug|Any CPU
		Release|Any CPU = Release|Any CPU
	EndGlobalSection
	GlobalSection(ProjectConfigurationPlatforms) = postSolution
		{EC2A9656-B370-40B2-85B2-4306C861EF6A}.Debug|Any CPU.ActiveCfg = Debug|Any CPU
		{EC2A9656-B370-40B2-85B2-4306C861EF6A}.Debug|Any CPU.Build.0 = Debug|Any CPU
		{EC2A9656-B370-40B2-85B2-4306C861EF6A}.Release|Any CPU.ActiveCfg = Release|Any CPU
		{EC2A9656-B370-40B2-85B2-4306C861EF6A}.Release|Any CPU.Build.0 = Release|Any CPU
	EndGlobalSection
	GlobalSection(SolutionProperties) = preSolution
		HideSolutionNode = FALSE
	EndGlobalSection
	GlobalSection(ExtensibilityGlobals) = postSolution
		SolutionGuid = {818F1C0F-1543-4624-8189-5F99F28F99E8}
	EndGlobalSection
EndGlobal
